
Microsoft Visual Studio Solution File, Format Version 12.00
# Visual Studio Version 17
VisualStudioVersion = 17.3.32922.545
MinimumVisualStudioVersion = 10.0.40219.1
Project("{9A19103F-16F7-4668-BE54-9A1E7A4F7556}") = "FileCabinetApp", "FileCabinetApp.csproj", "{6383C002-D932-4EBA-801A-1ED1DEC77492}"
EndProject
Global
	GlobalSection(SolutionConfigurationPlatforms) = preSolution
		Debug|Any CPU = Debug|Any CPU
		Release|Any CPU = Release|Any CPU
	EndGlobalSection
	GlobalSection(ProjectConfigurationPlatforms) = postSolution
		{6383C002-D932-4EBA-801A-1ED1DEC77492}.Debug|Any CPU.ActiveCfg = Debug|Any CPU
		{6383C002-D932-4EBA-801A-1ED1DEC77492}.Debug|Any CPU.Build.0 = Debug|Any CPU
		{6383C002-D932-4EBA-801A-1ED1DEC77492}.Release|Any CPU.ActiveCfg = Release|Any CPU
		{6383C002-D932-4EBA-801A-1ED1DEC77492}.Release|Any CPU.Build.0 = Release|Any CPU
	EndGlobalSection
	GlobalSection(SolutionProperties) = preSolution
		HideSolutionNode = FALSE
	EndGlobalSection
	GlobalSection(ExtensibilityGlobals) = postSolution
		SolutionGuid = {1D86923E-1322-4787-B410-652330533965}
	EndGlobalSection
EndGlobal
